// !$*UTF8*$!
{
	archiveVersion = 1;
	classes = {
	};
	objectVersion = 55;
	objects = {

/* Begin PBXBuildFile section */
		44A6DD1B27D5D722006EC1AC /* Tests_iOS.swift in Sources */ = {isa = PBXBuildFile; fileRef = 44A6DD1A27D5D722006EC1AC /* Tests_iOS.swift */; };
		44A6DD1D27D5D722006EC1AC /* Tests_iOSLaunchTests.swift in Sources */ = {isa = PBXBuildFile; fileRef = 44A6DD1C27D5D722006EC1AC /* Tests_iOSLaunchTests.swift */; };
		44A6DD2727D5D722006EC1AC /* Tests_macOS.swift in Sources */ = {isa = PBXBuildFile; fileRef = 44A6DD2627D5D722006EC1AC /* Tests_macOS.swift */; };
		44A6DD2927D5D722006EC1AC /* Tests_macOSLaunchTests.swift in Sources */ = {isa = PBXBuildFile; fileRef = 44A6DD2827D5D722006EC1AC /* Tests_macOSLaunchTests.swift */; };
		44A6DD2A27D5D722006EC1AC /* scalApp.swift in Sources */ = {isa = PBXBuildFile; fileRef = 44A6DD0227D5D720006EC1AC /* scalApp.swift */; };
		44A6DD2B27D5D722006EC1AC /* scalApp.swift in Sources */ = {isa = PBXBuildFile; fileRef = 44A6DD0227D5D720006EC1AC /* scalApp.swift */; };
		44A6DD2C27D5D722006EC1AC /* ContentView.swift in Sources */ = {isa = PBXBuildFile; fileRef = 44A6DD0327D5D720006EC1AC /* ContentView.swift */; };
		44A6DD2D27D5D722006EC1AC /* ContentView.swift in Sources */ = {isa = PBXBuildFile; fileRef = 44A6DD0327D5D720006EC1AC /* ContentView.swift */; };
		44A6DD2E27D5D722006EC1AC /* Assets.xcassets in Resources */ = {isa = PBXBuildFile; fileRef = 44A6DD0427D5D722006EC1AC /* Assets.xcassets */; };
		44A6DD2F27D5D722006EC1AC /* Assets.xcassets in Resources */ = {isa = PBXBuildFile; fileRef = 44A6DD0427D5D722006EC1AC /* Assets.xcassets */; };
/* End PBXBuildFile section */

/* Begin PBXContainerItemProxy section */
		44A6DD1727D5D722006EC1AC /* PBXContainerItemProxy */ = {
			isa = PBXContainerItemProxy;
			containerPortal = 44A6DCFD27D5D720006EC1AC /* Project object */;
			proxyType = 1;
			remoteGlobalIDString = 44A6DD0827D5D722006EC1AC;
			remoteInfo = "scal (iOS)";
		};
		44A6DD2327D5D722006EC1AC /* PBXContainerItemProxy */ = {
			isa = PBXContainerItemProxy;
			containerPortal = 44A6DCFD27D5D720006EC1AC /* Project object */;
			proxyType = 1;
			remoteGlobalIDString = 44A6DD0E27D5D722006EC1AC;
			remoteInfo = "scal (macOS)";
		};
/* End PBXContainerItemProxy section */

/* Begin PBXFileReference section */
		44A6DD0227D5D720006EC1AC /* scalApp.swift */ = {isa = PBXFileReference; lastKnownFileType = sourcecode.swift; path = scalApp.swift; sourceTree = "<group>"; };
		44A6DD0327D5D720006EC1AC /* ContentView.swift */ = {isa = PBXFileReference; lastKnownFileType = sourcecode.swift; path = ContentView.swift; sourceTree = "<group>"; };
		44A6DD0427D5D722006EC1AC /* Assets.xcassets */ = {isa = PBXFileReference; lastKnownFileType = folder.assetcatalog; path = Assets.xcassets; sourceTree = "<group>"; };
		44A6DD0927D5D722006EC1AC /* scal.app */ = {isa = PBXFileReference; explicitFileType = wrapper.application; includeInIndex = 0; path = scal.app; sourceTree = BUILT_PRODUCTS_DIR; };
		44A6DD0F27D5D722006EC1AC /* scal.app */ = {isa = PBXFileReference; explicitFileType = wrapper.application; includeInIndex = 0; path = scal.app; sourceTree = BUILT_PRODUCTS_DIR; };
		44A6DD1127D5D722006EC1AC /* macOS.entitlements */ = {isa = PBXFileReference; lastKnownFileType = text.plist.entitlements; path = macOS.entitlements; sourceTree = "<group>"; };
		44A6DD1627D5D722006EC1AC /* Tests iOS.xctest */ = {isa = PBXFileReference; explicitFileType = wrapper.cfbundle; includeInIndex = 0; path = "Tests iOS.xctest"; sourceTree = BUILT_PRODUCTS_DIR; };
		44A6DD1A27D5D722006EC1AC /* Tests_iOS.swift */ = {isa = PBXFileReference; lastKnownFileType = sourcecode.swift; path = Tests_iOS.swift; sourceTree = "<group>"; };
		44A6DD1C27D5D722006EC1AC /* Tests_iOSLaunchTests.swift */ = {isa = PBXFileReference; lastKnownFileType = sourcecode.swift; path = Tests_iOSLaunchTests.swift; sourceTree = "<group>"; };
		44A6DD2227D5D722006EC1AC /* Tests macOS.xctest */ = {isa = PBXFileReference; explicitFileType = wrapper.cfbundle; includeInIndex = 0; path = "Tests macOS.xctest"; sourceTree = BUILT_PRODUCTS_DIR; };
		44A6DD2627D5D722006EC1AC /* Tests_macOS.swift */ = {isa = PBXFileReference; lastKnownFileType = sourcecode.swift; path = Tests_macOS.swift; sourceTree = "<group>"; };
		44A6DD2827D5D722006EC1AC /* Tests_macOSLaunchTests.swift */ = {isa = PBXFileReference; lastKnownFileType = sourcecode.swift; path = Tests_macOSLaunchTests.swift; sourceTree = "<group>"; };
/* End PBXFileReference section */

/* Begin PBXFrameworksBuildPhase section */
		44A6DD0627D5D722006EC1AC /* Frameworks */ = {
			isa = PBXFrameworksBuildPhase;
			buildActionMask = 2147483647;
			files = (
			);
			runOnlyForDeploymentPostprocessing = 0;
		};
		44A6DD0C27D5D722006EC1AC /* Frameworks */ = {
			isa = PBXFrameworksBuildPhase;
			buildActionMask = 2147483647;
			files = (
			);
			runOnlyForDeploymentPostprocessing = 0;
		};
		44A6DD1327D5D722006EC1AC /* Frameworks */ = {
			isa = PBXFrameworksBuildPhase;
			buildActionMask = 2147483647;
			files = (
			);
			runOnlyForDeploymentPostprocessing = 0;
		};
		44A6DD1F27D5D722006EC1AC /* Frameworks */ = {
			isa = PBXFrameworksBuildPhase;
			buildActionMask = 2147483647;
			files = (
			);
			runOnlyForDeploymentPostprocessing = 0;
		};
/* End PBXFrameworksBuildPhase section */

/* Begin PBXGroup section */
		44A6DCFC27D5D720006EC1AC = {
			isa = PBXGroup;
			children = (
				44A6DD0127D5D720006EC1AC /* Shared */,
				44A6DD1027D5D722006EC1AC /* macOS */,
				44A6DD1927D5D722006EC1AC /* Tests iOS */,
				44A6DD2527D5D722006EC1AC /* Tests macOS */,
				44A6DD0A27D5D722006EC1AC /* Products */,
			);
			sourceTree = "<group>";
		};
		44A6DD0127D5D720006EC1AC /* Shared */ = {
			isa = PBXGroup;
			children = (
				44A6DD0227D5D720006EC1AC /* scalApp.swift */,
				44A6DD0327D5D720006EC1AC /* ContentView.swift */,
				44A6DD0427D5D722006EC1AC /* Assets.xcassets */,
			);
			path = Shared;
			sourceTree = "<group>";
		};
		44A6DD0A27D5D722006EC1AC /* Products */ = {
			isa = PBXGroup;
			children = (
				44A6DD0927D5D722006EC1AC /* scal.app */,
				44A6DD0F27D5D722006EC1AC /* scal.app */,
				44A6DD1627D5D722006EC1AC /* Tests iOS.xctest */,
				44A6DD2227D5D722006EC1AC /* Tests macOS.xctest */,
			);
			name = Products;
			sourceTree = "<group>";
		};
		44A6DD1027D5D722006EC1AC /* macOS */ = {
			isa = PBXGroup;
			children = (
				44A6DD1127D5D722006EC1AC /* macOS.entitlements */,
			);
			path = macOS;
			sourceTree = "<group>";
		};
		44A6DD1927D5D722006EC1AC /* Tests iOS */ = {
			isa = PBXGroup;
			children = (
				44A6DD1A27D5D722006EC1AC /* Tests_iOS.swift */,
				44A6DD1C27D5D722006EC1AC /* Tests_iOSLaunchTests.swift */,
			);
			path = "Tests iOS";
			sourceTree = "<group>";
		};
		44A6DD2527D5D722006EC1AC /* Tests macOS */ = {
			isa = PBXGroup;
			children = (
				44A6DD2627D5D722006EC1AC /* Tests_macOS.swift */,
				44A6DD2827D5D722006EC1AC /* Tests_macOSLaunchTests.swift */,
			);
			path = "Tests macOS";
			sourceTree = "<group>";
		};
/* End PBXGroup section */

/* Begin PBXNativeTarget section */
		44A6DD0827D5D722006EC1AC /* scal (iOS) */ = {
			isa = PBXNativeTarget;
			buildConfigurationList = 44A6DD3227D5D722006EC1AC /* Build configuration list for PBXNativeTarget "scal (iOS)" */;
			buildPhases = (
				44A6DD0527D5D722006EC1AC /* Sources */,
				44A6DD0627D5D722006EC1AC /* Frameworks */,
				44A6DD0727D5D722006EC1AC /* Resources */,
			);
			buildRules = (
			);
			dependencies = (
			);
			name = "scal (iOS)";
			productName = "scal (iOS)";
			productReference = 44A6DD0927D5D722006EC1AC /* scal.app */;
			productType = "com.apple.product-type.application";
		};
		44A6DD0E27D5D722006EC1AC /* scal (macOS) */ = {
			isa = PBXNativeTarget;
			buildConfigurationList = 44A6DD3527D5D722006EC1AC /* Build configuration list for PBXNativeTarget "scal (macOS)" */;
			buildPhases = (
				44A6DD0B27D5D722006EC1AC /* Sources */,
				44A6DD0C27D5D722006EC1AC /* Frameworks */,
				44A6DD0D27D5D722006EC1AC /* Resources */,
			);
			buildRules = (
			);
			dependencies = (
			);
			name = "scal (macOS)";
			productName = "scal (macOS)";
			productReference = 44A6DD0F27D5D722006EC1AC /* scal.app */;
			productType = "com.apple.product-type.application";
		};
		44A6DD1527D5D722006EC1AC /* Tests iOS */ = {
			isa = PBXNativeTarget;
			buildConfigurationList = 44A6DD3827D5D722006EC1AC /* Build configuration list for PBXNativeTarget "Tests iOS" */;
			buildPhases = (
				44A6DD1227D5D722006EC1AC /* Sources */,
				44A6DD1327D5D722006EC1AC /* Frameworks */,
				44A6DD1427D5D722006EC1AC /* Resources */,
			);
			buildRules = (
			);
			dependencies = (
				44A6DD1827D5D722006EC1AC /* PBXTargetDependency */,
			);
			name = "Tests iOS";
			productName = "Tests iOS";
			productReference = 44A6DD1627D5D722006EC1AC /* Tests iOS.xctest */;
			productType = "com.apple.product-type.bundle.ui-testing";
		};
		44A6DD2127D5D722006EC1AC /* Tests macOS */ = {
			isa = PBXNativeTarget;
			buildConfigurationList = 44A6DD3B27D5D722006EC1AC /* Build configuration list for PBXNativeTarget "Tests macOS" */;
			buildPhases = (
				44A6DD1E27D5D722006EC1AC /* Sources */,
				44A6DD1F27D5D722006EC1AC /* Frameworks */,
				44A6DD2027D5D722006EC1AC /* Resources */,
			);
			buildRules = (
			);
			dependencies = (
				44A6DD2427D5D722006EC1AC /* PBXTargetDependency */,
			);
			name = "Tests macOS";
			productName = "Tests macOS";
			productReference = 44A6DD2227D5D722006EC1AC /* Tests macOS.xctest */;
			productType = "com.apple.product-type.bundle.ui-testing";
		};
/* End PBXNativeTarget section */

/* Begin PBXProject section */
		44A6DCFD27D5D720006EC1AC /* Project object */ = {
			isa = PBXProject;
			attributes = {
				BuildIndependentTargetsInParallel = 1;
				LastSwiftUpdateCheck = 1320;
				LastUpgradeCheck = 1320;
				TargetAttributes = {
					44A6DD0827D5D722006EC1AC = {
						CreatedOnToolsVersion = 13.2.1;
					};
					44A6DD0E27D5D722006EC1AC = {
						CreatedOnToolsVersion = 13.2.1;
					};
					44A6DD1527D5D722006EC1AC = {
						CreatedOnToolsVersion = 13.2.1;
						TestTargetID = 44A6DD0827D5D722006EC1AC;
					};
					44A6DD2127D5D722006EC1AC = {
						CreatedOnToolsVersion = 13.2.1;
						TestTargetID = 44A6DD0E27D5D722006EC1AC;
					};
				};
			};
			buildConfigurationList = 44A6DD0027D5D720006EC1AC /* Build configuration list for PBXProject "scal" */;
			compatibilityVersion = "Xcode 13.0";
			developmentRegion = en;
			hasScannedForEncodings = 0;
			knownRegions = (
				en,
				Base,
			);
			mainGroup = 44A6DCFC27D5D720006EC1AC;
			productRefGroup = 44A6DD0A27D5D722006EC1AC /* Products */;
			projectDirPath = "";
			projectRoot = "";
			targets = (
				44A6DD0827D5D722006EC1AC /* scal (iOS) */,
				44A6DD0E27D5D722006EC1AC /* scal (macOS) */,
				44A6DD1527D5D722006EC1AC /* Tests iOS */,
				44A6DD2127D5D722006EC1AC /* Tests macOS */,
			);
		};
/* End PBXProject section */

/* Begin PBXResourcesBuildPhase section */
		44A6DD0727D5D722006EC1AC /* Resources */ = {
			isa = PBXResourcesBuildPhase;
			buildActionMask = 2147483647;
			files = (
				44A6DD2E27D5D722006EC1AC /* Assets.xcassets in Resources */,
			);
			runOnlyForDeploymentPostprocessing = 0;
		};
		44A6DD0D27D5D722006EC1AC /* Resources */ = {
			isa = PBXResourcesBuildPhase;
			buildActionMask = 2147483647;
			files = (
				44A6DD2F27D5D722006EC1AC /* Assets.xcassets in Resources */,
			);
			runOnlyForDeploymentPostprocessing = 0;
		};
		44A6DD1427D5D722006EC1AC /* Resources */ = {
			isa = PBXResourcesBuildPhase;
			buildActionMask = 2147483647;
			files = (
			);
			runOnlyForDeploymentPostprocessing = 0;
		};
		44A6DD2027D5D722006EC1AC /* Resources */ = {
			isa = PBXResourcesBuildPhase;
			buildActionMask = 2147483647;
			files = (
			);
			runOnlyForDeploymentPostprocessing = 0;
		};
/* End PBXResourcesBuildPhase section */

/* Begin PBXSourcesBuildPhase section */
		44A6DD0527D5D722006EC1AC /* Sources */ = {
			isa = PBXSourcesBuildPhase;
			buildActionMask = 2147483647;
			files = (
				44A6DD2C27D5D722006EC1AC /* ContentView.swift in Sources */,
				44A6DD2A27D5D722006EC1AC /* scalApp.swift in Sources */,
			);
			runOnlyForDeploymentPostprocessing = 0;
		};
		44A6DD0B27D5D722006EC1AC /* Sources */ = {
			isa = PBXSourcesBuildPhase;
			buildActionMask = 2147483647;
			files = (
				44A6DD2D27D5D722006EC1AC /* ContentView.swift in Sources */,
				44A6DD2B27D5D722006EC1AC /* scalApp.swift in Sources */,
			);
			runOnlyForDeploymentPostprocessing = 0;
		};
		44A6DD1227D5D722006EC1AC /* Sources */ = {
			isa = PBXSourcesBuildPhase;
			buildActionMask = 2147483647;
			files = (
				44A6DD1D27D5D722006EC1AC /* Tests_iOSLaunchTests.swift in Sources */,
				44A6DD1B27D5D722006EC1AC /* Tests_iOS.swift in Sources */,
			);
			runOnlyForDeploymentPostprocessing = 0;
		};
		44A6DD1E27D5D722006EC1AC /* Sources */ = {
			isa = PBXSourcesBuildPhase;
			buildActionMask = 2147483647;
			files = (
				44A6DD2927D5D722006EC1AC /* Tests_macOSLaunchTests.swift in Sources */,
				44A6DD2727D5D722006EC1AC /* Tests_macOS.swift in Sources */,
			);
			runOnlyForDeploymentPostprocessing = 0;
		};
/* End PBXSourcesBuildPhase section */

/* Begin PBXTargetDependency section */
		44A6DD1827D5D722006EC1AC /* PBXTargetDependency */ = {
			isa = PBXTargetDependency;
			target = 44A6DD0827D5D722006EC1AC /* scal (iOS) */;
			targetProxy = 44A6DD1727D5D722006EC1AC /* PBXContainerItemProxy */;
		};
		44A6DD2427D5D722006EC1AC /* PBXTargetDependency */ = {
			isa = PBXTargetDependency;
			target = 44A6DD0E27D5D722006EC1AC /* scal (macOS) */;
			targetProxy = 44A6DD2327D5D722006EC1AC /* PBXContainerItemProxy */;
		};
/* End PBXTargetDependency section */

/* Begin XCBuildConfiguration section */
		44A6DD3027D5D722006EC1AC /* Debug */ = {
			isa = XCBuildConfiguration;
			buildSettings = {
				ALWAYS_SEARCH_USER_PATHS = NO;
				CLANG_ANALYZER_NONNULL = YES;
				CLANG_ANALYZER_NUMBER_OBJECT_CONVERSION = YES_AGGRESSIVE;
				CLANG_CXX_LANGUAGE_STANDARD = "gnu++17";
				CLANG_CXX_LIBRARY = "libc++";
				CLANG_ENABLE_MODULES = YES;
				CLANG_ENABLE_OBJC_ARC = YES;
				CLANG_ENABLE_OBJC_WEAK = YES;
				CLANG_WARN_BLOCK_CAPTURE_AUTORELEASING = YES;
				CLANG_WARN_BOOL_CONVERSION = YES;
				CLANG_WARN_COMMA = YES;
				CLANG_WARN_CONSTANT_CONVERSION = YES;
				CLANG_WARN_DEPRECATED_OBJC_IMPLEMENTATIONS = YES;
				CLANG_WARN_DIRECT_OBJC_ISA_USAGE = YES_ERROR;
				CLANG_WARN_DOCUMENTATION_COMMENTS = YES;
				CLANG_WARN_EMPTY_BODY = YES;
				CLANG_WARN_ENUM_CONVERSION = YES;
				CLANG_WARN_INFINITE_RECURSION = YES;
				CLANG_WARN_INT_CONVERSION = YES;
				CLANG_WARN_NON_LITERAL_NULL_CONVERSION = YES;
				CLANG_WARN_OBJC_IMPLICIT_RETAIN_SELF = YES;
				CLANG_WARN_OBJC_LITERAL_CONVERSION = YES;
				CLANG_WARN_OBJC_ROOT_CLASS = YES_ERROR;
				CLANG_WARN_QUOTED_INCLUDE_IN_FRAMEWORK_HEADER = YES;
				CLANG_WARN_RANGE_LOOP_ANALYSIS = YES;
				CLANG_WARN_STRICT_PROTOTYPES = YES;
				CLANG_WARN_SUSPICIOUS_MOVE = YES;
				CLANG_WARN_UNGUARDED_AVAILABILITY = YES_AGGRESSIVE;
				CLANG_WARN_UNREACHABLE_CODE = YES;
				CLANG_WARN__DUPLICATE_METHOD_MATCH = YES;
				COPY_PHASE_STRIP = NO;
				DEBUG_INFORMATION_FORMAT = dwarf;
				ENABLE_STRICT_OBJC_MSGSEND = YES;
				ENABLE_TESTABILITY = YES;
				GCC_C_LANGUAGE_STANDARD = gnu11;
				GCC_DYNAMIC_NO_PIC = NO;
				GCC_NO_COMMON_BLOCKS = YES;
				GCC_OPTIMIZATION_LEVEL = 0;
				GCC_PREPROCESSOR_DEFINITIONS = (
					"DEBUG=1",
					"$(inherited)",
				);
				GCC_WARN_64_TO_32_BIT_CONVERSION = YES;
				GCC_WARN_ABOUT_RETURN_TYPE = YES_ERROR;
				GCC_WARN_UNDECLARED_SELECTOR = YES;
				GCC_WARN_UNINITIALIZED_AUTOS = YES_AGGRESSIVE;
				GCC_WARN_UNUSED_FUNCTION = YES;
				GCC_WARN_UNUSED_VARIABLE = YES;
				MTL_ENABLE_DEBUG_INFO = INCLUDE_SOURCE;
				MTL_FAST_MATH = YES;
				ONLY_ACTIVE_ARCH = YES;
				SWIFT_ACTIVE_COMPILATION_CONDITIONS = DEBUG;
				SWIFT_OPTIMIZATION_LEVEL = "-Onone";
			};
			name = Debug;
		};
		44A6DD3127D5D722006EC1AC /* Release */ = {
			isa = XCBuildConfiguration;
			buildSettings = {
				ALWAYS_SEARCH_USER_PATHS = NO;
				CLANG_ANALYZER_NONNULL = YES;
				CLANG_ANALYZER_NUMBER_OBJECT_CONVERSION = YES_AGGRESSIVE;
				CLANG_CXX_LANGUAGE_STANDARD = "gnu++17";
				CLANG_CXX_LIBRARY = "libc++";
				CLANG_ENABLE_MODULES = YES;
				CLANG_ENABLE_OBJC_ARC = YES;
				CLANG_ENABLE_OBJC_WEAK = YES;
				CLANG_WARN_BLOCK_CAPTURE_AUTORELEASING = YES;
				CLANG_WARN_BOOL_CONVERSION = YES;
				CLANG_WARN_COMMA = YES;
				CLANG_WARN_CONSTANT_CONVERSION = YES;
				CLANG_WARN_DEPRECATED_OBJC_IMPLEMENTATIONS = YES;
				CLANG_WARN_DIRECT_OBJC_ISA_USAGE = YES_ERROR;
				CLANG_WARN_DOCUMENTATION_COMMENTS = YES;
				CLANG_WARN_EMPTY_BODY = YES;
				CLANG_WARN_ENUM_CONVERSION = YES;
				CLANG_WARN_INFINITE_RECURSION = YES;
				CLANG_WARN_INT_CONVERSION = YES;
				CLANG_WARN_NON_LITERAL_NULL_CONVERSION = YES;
				CLANG_WARN_OBJC_IMPLICIT_RETAIN_SELF = YES;
				CLANG_WARN_OBJC_LITERAL_CONVERSION = YES;
				CLANG_WARN_OBJC_ROOT_CLASS = YES_ERROR;
				CLANG_WARN_QUOTED_INCLUDE_IN_FRAMEWORK_HEADER = YES;
				CLANG_WARN_RANGE_LOOP_ANALYSIS = YES;
				CLANG_WARN_STRICT_PROTOTYPES = YES;
				CLANG_WARN_SUSPICIOUS_MOVE = YES;
				CLANG_WARN_UNGUARDED_AVAILABILITY = YES_AGGRESSIVE;
				CLANG_WARN_UNREACHABLE_CODE = YES;
				CLANG_WARN__DUPLICATE_METHOD_MATCH = YES;
				COPY_PHASE_STRIP = NO;
				DEBUG_INFORMATION_FORMAT = "dwarf-with-dsym";
				ENABLE_NS_ASSERTIONS = NO;
				ENABLE_STRICT_OBJC_MSGSEND = YES;
				GCC_C_LANGUAGE_STANDARD = gnu11;
				GCC_NO_COMMON_BLOCKS = YES;
				GCC_WARN_64_TO_32_BIT_CONVERSION = YES;
				GCC_WARN_ABOUT_RETURN_TYPE = YES_ERROR;
				GCC_WARN_UNDECLARED_SELECTOR = YES;
				GCC_WARN_UNINITIALIZED_AUTOS = YES_AGGRESSIVE;
				GCC_WARN_UNUSED_FUNCTION = YES;
				GCC_WARN_UNUSED_VARIABLE = YES;
				MTL_ENABLE_DEBUG_INFO = NO;
				MTL_FAST_MATH = YES;
				SWIFT_COMPILATION_MODE = wholemodule;
				SWIFT_OPTIMIZATION_LEVEL = "-O";
			};
			name = Release;
		};
		44A6DD3327D5D722006EC1AC /* Debug */ = {
			isa = XCBuildConfiguration;
			buildSettings = {
				ASSETCATALOG_COMPILER_APPICON_NAME = AppIcon;
				ASSETCATALOG_COMPILER_GLOBAL_ACCENT_COLOR_NAME = AccentColor;
				CODE_SIGN_STYLE = Automatic;
				CURRENT_PROJECT_VERSION = 1;
				ENABLE_PREVIEWS = YES;
				GENERATE_INFOPLIST_FILE = YES;
				INFOPLIST_KEY_UIApplicationSceneManifest_Generation = YES;
				INFOPLIST_KEY_UIApplicationSupportsIndirectInputEvents = YES;
				INFOPLIST_KEY_UILaunchScreen_Generation = YES;
				INFOPLIST_KEY_UISupportedInterfaceOrientations_iPad = "UIInterfaceOrientationPortrait UIInterfaceOrientationPortraitUpsideDown UIInterfaceOrientationLandscapeLeft UIInterfaceOrientationLandscapeRight";
				INFOPLIST_KEY_UISupportedInterfaceOrientations_iPhone = "UIInterfaceOrientationPortrait UIInterfaceOrientationLandscapeLeft UIInterfaceOrientationLandscapeRight";
				IPHONEOS_DEPLOYMENT_TARGET = 15.2;
				LD_RUNPATH_SEARCH_PATHS = (
					"$(inherited)",
					"@executable_path/Frameworks",
				);
				MARKETING_VERSION = 1.0;
				PRODUCT_BUNDLE_IDENTIFIER = "suraj-kumar.scal";
				PRODUCT_NAME = scal;
				SDKROOT = iphoneos;
				SWIFT_EMIT_LOC_STRINGS = YES;
				SWIFT_VERSION = 5.0;
				TARGETED_DEVICE_FAMILY = "1,2";
			};
			name = Debug;
		};
		44A6DD3427D5D722006EC1AC /* Release */ = {
			isa = XCBuildConfiguration;
			buildSettings = {
				ASSETCATALOG_COMPILER_APPICON_NAME = AppIcon;
				ASSETCATALOG_COMPILER_GLOBAL_ACCENT_COLOR_NAME = AccentColor;
				CODE_SIGN_STYLE = Automatic;
				CURRENT_PROJECT_VERSION = 1;
				ENABLE_PREVIEWS = YES;
				GENERATE_INFOPLIST_FILE = YES;
				INFOPLIST_KEY_UIApplicationSceneManifest_Generation = YES;
				INFOPLIST_KEY_UIApplicationSupportsIndirectInputEvents = YES;
				INFOPLIST_KEY_UILaunchScreen_Generation = YES;
				INFOPLIST_KEY_UISupportedInterfaceOrientations_iPad = "UIInterfaceOrientationPortrait UIInterfaceOrientationPortraitUpsideDown UIInterfaceOrientationLandscapeLeft UIInterfaceOrientationLandscapeRight";
				INFOPLIST_KEY_UISupportedInterfaceOrientations_iPhone = "UIInterfaceOrientationPortrait UIInterfaceOrientationLandscapeLeft UIInterfaceOrientationLandscapeRight";
				IPHONEOS_DEPLOYMENT_TARGET = 15.2;
				LD_RUNPATH_SEARCH_PATHS = (
					"$(inherited)",
					"@executable_path/Frameworks",
				);
				MARKETING_VERSION = 1.0;
				PRODUCT_BUNDLE_IDENTIFIER = "suraj-kumar.scal";
				PRODUCT_NAME = scal;
				SDKROOT = iphoneos;
				SWIFT_EMIT_LOC_STRINGS = YES;
				SWIFT_VERSION = 5.0;
				TARGETED_DEVICE_FAMILY = "1,2";
				VALIDATE_PRODUCT = YES;
			};
			name = Release;
		};
		44A6DD3627D5D722006EC1AC /* Debug */ = {
			isa = XCBuildConfiguration;
			buildSettings = {
				ASSETCATALOG_COMPILER_APPICON_NAME = AppIcon;
				ASSETCATALOG_COMPILER_GLOBAL_ACCENT_COLOR_NAME = AccentColor;
				CODE_SIGN_ENTITLEMENTS = macOS/macOS.entitlements;
				CODE_SIGN_STYLE = Automatic;
				COMBINE_HIDPI_IMAGES = YES;
				CURRENT_PROJECT_VERSION = 1;
				ENABLE_PREVIEWS = YES;
				GENERATE_INFOPLIST_FILE = YES;
				INFOPLIST_KEY_NSHumanReadableCopyright = "";
				LD_RUNPATH_SEARCH_PATHS = (
					"$(inherited)",
					"@executable_path/../Frameworks",
				);
				MACOSX_DEPLOYMENT_TARGET = 11.6;
				MARKETING_VERSION = 1.0;
				PRODUCT_BUNDLE_IDENTIFIER = "suraj-kumar.scal";
				PRODUCT_NAME = scal;
				SDKROOT = macosx;
				SWIFT_EMIT_LOC_STRINGS = YES;
				SWIFT_VERSION = 5.0;
			};
			name = Debug;
		};
		44A6DD3727D5D722006EC1AC /* Release */ = {
			isa = XCBuildConfiguration;
			buildSettings = {
				ASSETCATALOG_COMPILER_APPICON_NAME = AppIcon;
				ASSETCATALOG_COMPILER_GLOBAL_ACCENT_COLOR_NAME = AccentColor;
				CODE_SIGN_ENTITLEMENTS = macOS/macOS.entitlements;
				CODE_SIGN_STYLE = Automatic;
				COMBINE_HIDPI_IMAGES = YES;
				CURRENT_PROJECT_VERSION = 1;
				ENABLE_PREVIEWS = YES;
				GENERATE_INFOPLIST_FILE = YES;
				INFOPLIST_KEY_NSHumanReadableCopyright = "";
				LD_RUNPATH_SEARCH_PATHS = (
					"$(inherited)",
					"@executable_path/../Frameworks",
				);
				MACOSX_DEPLOYMENT_TARGET = 11.6;
				MARKETING_VERSION = 1.0;
				PRODUCT_BUNDLE_IDENTIFIER = "suraj-kumar.scal";
				PRODUCT_NAME = scal;
				SDKROOT = macosx;
				SWIFT_EMIT_LOC_STRINGS = YES;
				SWIFT_VERSION = 5.0;
			};
			name = Release;
		};
		44A6DD3927D5D722006EC1AC /* Debug */ = {
			isa = XCBuildConfiguration;
			buildSettings = {
				ALWAYS_EMBED_SWIFT_STANDARD_LIBRARIES = YES;
				CODE_SIGN_STYLE = Automatic;
				CURRENT_PROJECT_VERSION = 1;
				GENERATE_INFOPLIST_FILE = YES;
				IPHONEOS_DEPLOYMENT_TARGET = 15.2;
				MARKETING_VERSION = 1.0;
				PRODUCT_BUNDLE_IDENTIFIER = "suraj-kumar.Tests-iOS";
				PRODUCT_NAME = "$(TARGET_NAME)";
				SDKROOT = iphoneos;
				SWIFT_EMIT_LOC_STRINGS = NO;
				SWIFT_VERSION = 5.0;
				TARGETED_DEVICE_FAMILY = "1,2";
				TEST_TARGET_NAME = "scal (iOS)";
			};
			name = Debug;
		};
		44A6DD3A27D5D722006EC1AC /* Release */ = {
			isa = XCBuildConfiguration;
			buildSettings = {
				ALWAYS_EMBED_SWIFT_STANDARD_LIBRARIES = YES;
				CODE_SIGN_STYLE = Automatic;
				CURRENT_PROJECT_VERSION = 1;
				GENERATE_INFOPLIST_FILE = YES;
				IPHONEOS_DEPLOYMENT_TARGET = 15.2;
				MARKETING_VERSION = 1.0;
				PRODUCT_BUNDLE_IDENTIFIER = "suraj-kumar.Tests-iOS";
				PRODUCT_NAME = "$(TARGET_NAME)";
				SDKROOT = iphoneos;
				SWIFT_EMIT_LOC_STRINGS = NO;
				SWIFT_VERSION = 5.0;
				TARGETED_DEVICE_FAMILY = "1,2";
				TEST_TARGET_NAME = "scal (iOS)";
				VALIDATE_PRODUCT = YES;
			};
			name = Release;
		};
		44A6DD3C27D5D722006EC1AC /* Debug */ = {
			isa = XCBuildConfiguration;
			buildSettings = {
				ALWAYS_EMBED_SWIFT_STANDARD_LIBRARIES = YES;
				CODE_SIGN_STYLE = Automatic;
				CURRENT_PROJECT_VERSION = 1;
				GENERATE_INFOPLIST_FILE = YES;
				MACOSX_DEPLOYMENT_TARGET = 11.6;
				MARKETING_VERSION = 1.0;
				PRODUCT_BUNDLE_IDENTIFIER = "suraj-kumar.Tests-macOS";
				PRODUCT_NAME = "$(TARGET_NAME)";
				SDKROOT = macosx;
				SWIFT_EMIT_LOC_STRINGS = NO;
				SWIFT_VERSION = 5.0;
				TEST_TARGET_NAME = "scal (macOS)";
			};
			name = Debug;
		};
		44A6DD3D27D5D722006EC1AC /* Release */ = {
			isa = XCBuildConfiguration;
			buildSettings = {
				ALWAYS_EMBED_SWIFT_STANDARD_LIBRARIES = YES;
				CODE_SIGN_STYLE = Automatic;
				CURRENT_PROJECT_VERSION = 1;
				GENERATE_INFOPLIST_FILE = YES;
				MACOSX_DEPLOYMENT_TARGET = 11.6;
				MARKETING_VERSION = 1.0;
				PRODUCT_BUNDLE_IDENTIFIER = "suraj-kumar.Tests-macOS";
				PRODUCT_NAME = "$(TARGET_NAME)";
				SDKROOT = macosx;
				SWIFT_EMIT_LOC_STRINGS = NO;
				SWIFT_VERSION = 5.0;
				TEST_TARGET_NAME = "scal (macOS)";
			};
			name = Release;
		};
/* End XCBuildConfiguration section */

/* Begin XCConfigurationList section */
		44A6DD0027D5D720006EC1AC /* Build configuration list for PBXProject "scal" */ = {
			isa = XCConfigurationList;
			buildConfigurations = (
				44A6DD3027D5D722006EC1AC /* Debug */,
				44A6DD3127D5D722006EC1AC /* Release */,
			);
			defaultConfigurationIsVisible = 0;
			defaultConfigurationName = Release;
		};
		44A6DD3227D5D722006EC1AC /* Build configuration list for PBXNativeTarget "scal (iOS)" */ = {
			isa = XCConfigurationList;
			buildConfigurations = (
				44A6DD3327D5D722006EC1AC /* Debug */,
				44A6DD3427D5D722006EC1AC /* Release */,
			);
			defaultConfigurationIsVisible = 0;
			defaultConfigurationName = Release;
		};
		44A6DD3527D5D722006EC1AC /* Build configuration list for PBXNativeTarget "scal (macOS)" */ = {
			isa = XCConfigurationList;
			buildConfigurations = (
				44A6DD3627D5D722006EC1AC /* Debug */,
				44A6DD3727D5D722006EC1AC /* Release */,
			);
			defaultConfigurationIsVisible = 0;
			defaultConfigurationName = Release;
		};
		44A6DD3827D5D722006EC1AC /* Build configuration list for PBXNativeTarget "Tests iOS" */ = {
			isa = XCConfigurationList;
			buildConfigurations = (
				44A6DD3927D5D722006EC1AC /* Debug */,
				44A6DD3A27D5D722006EC1AC /* Release */,
			);
			defaultConfigurationIsVisible = 0;
			defaultConfigurationName = Release;
		};
		44A6DD3B27D5D722006EC1AC /* Build configuration list for PBXNativeTarget "Tests macOS" */ = {
			isa = XCConfigurationList;
			buildConfigurations = (
				44A6DD3C27D5D722006EC1AC /* Debug */,
				44A6DD3D27D5D722006EC1AC /* Release */,
			);
			defaultConfigurationIsVisible = 0;
			defaultConfigurationName = Release;
		};
/* End XCConfigurationList section */
	};
	rootObject = 44A6DCFD27D5D720006EC1AC /* Project object */;
}
